{
  "lockfileVersion": 3,
  "name": "template-easy-setup-devops",
  "packages": {
    "": {
      "devDependencies": {
        "prettier": "3.9.9"
      },
      "name": "template-easy-setup-devops",
      "version": "0.0.0-development"
    },
    "node_modules/prettier": {
      "bin": {
        "prettier": "bin/prettier.cjs"
      },
      "dev": true,
      "engines": {
        "node": ">=14"
      },
      "funding": {
        "url": "https://github.com/prettier/prettier?sponsor=1"
      },
      "integrity": "sha512-Z/CJHIkdujO/OtN7nXUii0Rf3VT5SRuhjBA82Xvu2XhBUgX3nhP67T0LHceBdQLex7OOFGTox+Q5Yg8Jk2Qivg==",
      "license": "MIT",
      "resolved": "https://registry.npmjs.org/prettier/-/prettier-3.9.9.tgz",
      "version": "3.9.9"
    }
  },
  "requires": true,
  "version": "0.0.0-development"
}
